{
  "name": "demo-client-test",
  "lockfileVersion": 3,
  "requires": true,
  "packages": {
    "": {
      "name": "demo-client-test",
      "dependencies": {
        "@superloomdev/js-client-helper-font": "^1.0.0",
        "@superloomdev/js-client-helper-themer": "^1.0.0",
        "@superloomdev/js-client-helper-themer-ext-react": "^1.0.0",
        "@superloomdev/js-helper-debug": "^1.0.0",
        "@superloomdev/js-helper-utils": "^1.0.0",
        "@superloomdev/rnw-components-carbon": "^1.0.0",
        "react": "18.3.1",
        "react-dom": "18.3.1",
        "react-native": "npm:react-native-web@~0.19.13",
        "react-test-renderer": "18.3.1"
      }
    },
    "node_modules/@babel/runtime": {
      "version": "7.29.7",
      "license": "MIT",
      "engines": {
        "node": ">=6.9.0"
      }
    },
    "node_modules/@react-native/normalize-colors": {
      "version": "0.74.89",
      "license": "MIT"
    },
    "node_modules/@superloomdev/js-client-helper-font": {
      "version": "1.0.0",
      "license": "MIT",
      "engines": {
        "node": ">=24"
      },
      "peerDependencies": {
        "helper-debug": "npm:@superloomdev/js-helper-debug@^1.0.0",
        "helper-utils": "npm:@superloomdev/js-helper-utils@^1.0.0"
      }
    },
    "node_modules/@superloomdev/js-client-helper-themer": {
      "version": "1.0.0",
      "license": "MIT",
      "engines": {
        "node": ">=24"
      },
      "peerDependencies": {
        "helper-debug": "npm:@superloomdev/js-helper-debug@^1.0.0",
        "helper-utils": "npm:@superloomdev/js-helper-utils@^1.0.0"
      }
    },
    "node_modules/@superloomdev/js-client-helper-themer-ext-react": {
      "version": "1.0.0",
      "license": "MIT",
      "engines": {
        "node": ">=24"
      },
      "peerDependencies": {
        "helper-debug": "npm:@superloomdev/js-helper-debug@^1.0.0",
        "helper-themer": "npm:@superloomdev/js-client-helper-themer@^1.0.0",
        "helper-utils": "npm:@superloomdev/js-helper-utils@^1.0.0",
        "react": ">=18.0.0"
      }
    },
    "node_modules/@superloomdev/js-helper-debug": {
      "version": "1.0.0",
      "license": "MIT",
      "engines": {
        "node": ">=24"
      }
    },
    "node_modules/@superloomdev/js-helper-utils": {
      "version": "1.0.0",
      "license": "MIT",
      "engines": {
        "node": ">=24"
      }
    },
    "node_modules/@superloomdev/rnw-components-carbon": {
      "version": "1.0.0",
      "resolved": "https://npm.pkg.github.com/download/@superloomdev/rnw-components-carbon/1.0.0/8724782ebace9ac30dfe242a2b20e20a4cc5878c",
      "integrity": "sha512-2Kjwlj5TUwfLywbzFOhxxRgpk1bhQQJ3r0WUFZgIpbXBY13FLBJ5MqtNyYslVxl2/LtzKfROQ942H/a1uXLuDg==",
      "license": "MIT",
      "engines": {
        "node": ">=24"
      },
      "peerDependencies": {
        "helper-debug": "npm:@superloomdev/js-helper-debug@^1.0.0",
        "helper-device": "npm:@superloomdev/js-rnw-helper-device@^1.0.0",
        "helper-themer": "npm:@superloomdev/js-client-helper-themer@^1.0.0",
        "helper-utils": "npm:@superloomdev/js-helper-utils@^1.0.0",
        "react": ">=18",
        "react-native": ">=0.74"
      }
    },
    "node_modules/asap": {
      "version": "2.0.6",
      "license": "MIT"
    },
    "node_modules/cross-fetch": {
      "version": "3.2.0",
      "license": "MIT",
      "dependencies": {
        "node-fetch": "^2.7.0"
      }
    },
    "node_modules/css-in-js-utils": {
      "version": "3.1.0",
      "license": "MIT",
      "dependencies": {
        "hyphenate-style-name": "^1.0.3"
      }
    },
    "node_modules/fast-loops": {
      "version": "1.1.4",
      "license": "MIT"
    },
    "node_modules/fbjs": {
      "version": "3.0.5",
      "license": "MIT",
      "dependencies": {
        "cross-fetch": "^3.1.5",
        "fbjs-css-vars": "^1.0.0",
        "loose-envify": "^1.0.0",
        "object-assign": "^4.1.0",
        "promise": "^7.1.1",
        "setimmediate": "^1.0.5",
        "ua-parser-js": "^1.0.35"
      }
    },
    "node_modules/fbjs-css-vars": {
      "version": "1.0.2",
      "license": "MIT"
    },
    "node_modules/hyphenate-style-name": {
      "version": "1.1.0",
      "license": "BSD-3-Clause"
    },
    "node_modules/inline-style-prefixer": {
      "version": "6.0.4",
      "license": "MIT",
      "dependencies": {
        "css-in-js-utils": "^3.1.0",
        "fast-loops": "^1.1.3"
      }
    },
    "node_modules/js-tokens": {
      "version": "4.0.0",
      "license": "MIT"
    },
    "node_modules/loose-envify": {
      "version": "1.4.0",
      "license": "MIT",
      "dependencies": {
        "js-tokens": "^3.0.0 || ^4.0.0"
      },
      "bin": {
        "loose-envify": "cli.js"
      }
    },
    "node_modules/memoize-one": {
      "version": "6.0.0",
      "license": "MIT"
    },
    "node_modules/node-fetch": {
      "version": "2.7.0",
      "license": "MIT",
      "dependencies": {
        "whatwg-url": "^5.0.0"
      },
      "engines": {
        "node": "4.x || >=6.0.0"
      },
      "peerDependencies": {
        "encoding": "^0.1.0"
      },
      "peerDependenciesMeta": {
        "encoding": {
          "optional": true
        }
      }
    },
    "node_modules/nullthrows": {
      "version": "1.1.1",
      "license": "MIT"
    },
    "node_modules/object-assign": {
      "version": "4.1.1",
      "license": "MIT",
      "engines": {
        "node": ">=0.10.0"
      }
    },
    "node_modules/postcss-value-parser": {
      "version": "4.2.0",
      "license": "MIT"
    },
    "node_modules/promise": {
      "version": "7.3.1",
      "license": "MIT",
      "dependencies": {
        "asap": "~2.0.3"
      }
    },
    "node_modules/react": {
      "version": "18.3.1",
      "license": "MIT",
      "dependencies": {
        "loose-envify": "^1.1.0"
      },
      "engines": {
        "node": ">=0.10.0"
      }
    },
    "node_modules/react-dom": {
      "version": "18.3.1",
      "license": "MIT",
      "dependencies": {
        "loose-envify": "^1.1.0",
        "scheduler": "^0.23.2"
      },
      "peerDependencies": {
        "react": "^18.3.1"
      }
    },
    "node_modules/react-is": {
      "version": "18.3.1",
      "license": "MIT"
    },
    "node_modules/react-native": {
      "name": "react-native-web",
      "version": "0.19.13",
      "license": "MIT",
      "dependencies": {
        "@babel/runtime": "^7.18.6",
        "@react-native/normalize-colors": "^0.74.1",
        "fbjs": "^3.0.4",
        "inline-style-prefixer": "^6.0.1",
        "memoize-one": "^6.0.0",
        "nullthrows": "^1.1.1",
        "postcss-value-parser": "^4.2.0",
        "styleq": "^0.1.3"
      },
      "peerDependencies": {
        "react": "^18.0.0",
        "react-dom": "^18.0.0"
      }
    },
    "node_modules/react-shallow-renderer": {
      "version": "16.15.0",
      "license": "MIT",
      "dependencies": {
        "object-assign": "^4.1.1",
        "react-is": "^16.12.0 || ^17.0.0 || ^18.0.0"
      },
      "peerDependencies": {
        "react": "^16.0.0 || ^17.0.0 || ^18.0.0"
      }
    },
    "node_modules/react-test-renderer": {
      "version": "18.3.1",
      "license": "MIT",
      "dependencies": {
        "react-is": "^18.3.1",
        "react-shallow-renderer": "^16.15.0",
        "scheduler": "^0.23.2"
      },
      "peerDependencies": {
        "react": "^18.3.1"
      }
    },
    "node_modules/scheduler": {
      "version": "0.23.2",
      "license": "MIT",
      "dependencies": {
        "loose-envify": "^1.1.0"
      }
    },
    "node_modules/setimmediate": {
      "version": "1.0.5",
      "license": "MIT"
    },
    "node_modules/styleq": {
      "version": "0.1.3",
      "license": "MIT"
    },
    "node_modules/tr46": {
      "version": "0.0.3",
      "license": "MIT"
    },
    "node_modules/ua-parser-js": {
      "version": "1.0.41",
      "funding": [
        {
          "type": "opencollective",
          "url": "https://opencollective.com/ua-parser-js"
        },
        {
          "type": "paypal",
          "url": "https://paypal.me/faisalman"
        },
        {
          "type": "github",
          "url": "https://github.com/sponsors/faisalman"
        }
      ],
      "license": "MIT",
      "bin": {
        "ua-parser-js": "script/cli.js"
      },
      "engines": {
        "node": "*"
      }
    },
    "node_modules/webidl-conversions": {
      "version": "3.0.1",
      "license": "BSD-2-Clause"
    },
    "node_modules/whatwg-url": {
      "version": "5.0.0",
      "license": "MIT",
      "dependencies": {
        "tr46": "~0.0.3",
        "webidl-conversions": "^3.0.0"
      }
    }
  }
}
